{
    "_readme": [
        "This file locks the dependencies of your project to a known state",
        "Read more about it at http://getcomposer.org/doc/01-basic-usage.md#composer-lock-the-lock-file",
        "This file is @generated automatically"
    ],
    "hash": "96de678122272a293a9a4d85765ee36d",
    "packages": [
        {
            "name": "cohesion/cohesion-core",
            "version": "dev-master",
            "source": {
                "type": "git",
                "url": "https://github.com/cohesion/cohesion-core.git",
                "reference": "6f0ba6f04e0a149f9668fcded0245d9138f74abb"
            },
            "dist": {
                "type": "zip",
                "url": "https://api.github.com/repos/cohesion/cohesion-core/zipball/6f0ba6f04e0a149f9668fcded0245d9138f74abb",
                "reference": "6f0ba6f04e0a149f9668fcded0245d9138f74abb",
                "shasum": ""
            },
            "require": {
                "ext-apcu": "*",
                "ext-curl": "*",
                "ext-mysqlnd": "*",
                "mustache/mustache": "~2.5",
                "php": ">=5.4.0"
            },
            "type": "library",
            "autoload": {
                "psr-4": {
                    "Cohesion\\": "src/"
                }
            },
            "notification-url": "https://packagist.org/downloads/",
            "license": [
                "MIT"
            ],
            "authors": [
                {
                    "name": "Adric Schreuders",
                    "email": "adric@schreuders.org"
                }
            ],
            "description": "The Cohesion PHP framework",
            "keywords": [
                "framework"
            ],
            "time": "2014-12-28 10:13:03"
        },
        {
            "name": "mustache/mustache",
            "version": "v2.7.0",
            "source": {
                "type": "git",
                "url": "https://github.com/bobthecow/mustache.php.git",
                "reference": "fdf41dd673dc99b41d60992470dbae94ae0b6ba1"
            },
            "dist": {
                "type": "zip",
                "url": "https://api.github.com/repos/bobthecow/mustache.php/zipball/fdf41dd673dc99b41d60992470dbae94ae0b6ba1",
                "reference": "fdf41dd673dc99b41d60992470dbae94ae0b6ba1",
                "shasum": ""
            },
            "require": {
                "php": ">=5.2.4"
            },
            "require-dev": {
                "phpunit/phpunit": "*"
            },
            "type": "library",
            "autoload": {
                "psr-0": {
                    "Mustache": "src/"
                }
            },
            "notification-url": "https://packagist.org/downloads/",
            "license": [
                "MIT"
            ],
            "authors": [
                {
                    "name": "Justin Hileman",
                    "email": "justin@justinhileman.info",
                    "homepage": "http://justinhileman.com"
                }
            ],
            "description": "A Mustache implementation in PHP.",
            "homepage": "https://github.com/bobthecow/mustache.php",
            "keywords": [
                "mustache",
                "templating"
            ],
            "time": "2014-08-26 19:50:10"
        }
    ],
    "packages-dev": [],
    "aliases": [],
    "minimum-stability": "stable",
    "stability-flags": {
        "cohesion/cohesion-core": 20
    },
    "prefer-stable": false,
    "platform": {
        "php": ">=5.4.0"
    },
    "platform-dev": []
}
